#MicroXplorer Configuration settings - do not modify
ADC1.Channel-1\#ChannelRegularConversion=ADC_CHANNEL_3
ADC1.Channel-2\#ChannelRegularConversion=ADC_CHANNEL_4
ADC1.Channel-3\#ChannelRegularConversion=ADC_CHANNEL_5
ADC1.Channel-4\#ChannelRegularConversion=ADC_CHANNEL_7
ADC1.Channel-5\#ChannelRegularConversion=ADC_CHANNEL_8
ADC1.Channel-6\#ChannelRegularConversion=ADC_CHANNEL_9
ADC1.ContinuousConvMode=DISABLE
ADC1.ConversionDataManagement=ADC_CONVERSIONDATA_DMA_CIRCULAR
ADC1.EOCSelection=ADC_EOC_SEQ_CONV
ADC1.ExternalTrigConv=ADC_EXTERNALTRIG_T6_TRGO
ADC1.IPParameters=Rank-1\#ChannelRegularConversion,Channel-1\#ChannelRegularConversion,SamplingTime-1\#ChannelRegularConversion,OffsetNumber-1\#ChannelRegularConversion,OffsetSignedSaturation-1\#ChannelRegularConversion,NbrOfConversionFlag,master,Rank-2\#ChannelRegularConversion,Channel-2\#ChannelRegularConversion,SamplingTime-2\#ChannelRegularConversion,OffsetNumber-2\#ChannelRegularConversion,OffsetSignedSaturation-2\#ChannelRegularConversion,Rank-3\#ChannelRegularConversion,Channel-3\#ChannelRegularConversion,SamplingTime-3\#ChannelRegularConversion,OffsetNumber-3\#ChannelRegularConversion,OffsetSignedSaturation-3\#ChannelRegularConversion,Rank-4\#ChannelRegularConversion,Channel-4\#ChannelRegularConversion,SamplingTime-4\#ChannelRegularConversion,OffsetNumber-4\#ChannelRegularConversion,OffsetSignedSaturation-4\#ChannelRegularConversion,Rank-5\#ChannelRegularConversion,Channel-5\#ChannelRegularConversion,SamplingTime-5\#ChannelRegularConversion,OffsetNumber-5\#ChannelRegularConversion,OffsetSignedSaturation-5\#ChannelRegularConversion,Rank-6\#ChannelRegularConversion,Channel-6\#ChannelRegularConversion,SamplingTime-6\#ChannelRegularConversion,OffsetNumber-6\#ChannelRegularConversion,OffsetSignedSaturation-6\#ChannelRegularConversion,NbrOfConversion,ExternalTrigConv,ContinuousConvMode,EOCSelection,Resolution,ConversionDataManagement,OversamplingMode,Ratio,RightBitShift
ADC1.NbrOfConversion=6
ADC1.NbrOfConversionFlag=1
ADC1.OffsetNumber-1\#ChannelRegularConversion=ADC_OFFSET_NONE
ADC1.OffsetNumber-2\#ChannelRegularConversion=ADC_OFFSET_NONE
ADC1.OffsetNumber-3\#ChannelRegularConversion=ADC_OFFSET_NONE
ADC1.OffsetNumber-4\#ChannelRegularConversion=ADC_OFFSET_NONE
ADC1.OffsetNumber-5\#ChannelRegularConversion=ADC_OFFSET_NONE
ADC1.OffsetNumber-6\#ChannelRegularConversion=ADC_OFFSET_NONE
ADC1.OffsetSignedSaturation-1\#ChannelRegularConversion=DISABLE
ADC1.OffsetSignedSaturation-2\#ChannelRegularConversion=DISABLE
ADC1.OffsetSignedSaturation-3\#ChannelRegularConversion=DISABLE
ADC1.OffsetSignedSaturation-4\#ChannelRegularConversion=DISABLE
ADC1.OffsetSignedSaturation-5\#ChannelRegularConversion=DISABLE
ADC1.OffsetSignedSaturation-6\#ChannelRegularConversion=DISABLE
ADC1.OversamplingMode=ENABLE
ADC1.Rank-1\#ChannelRegularConversion=1
ADC1.Rank-2\#ChannelRegularConversion=2
ADC1.Rank-3\#ChannelRegularConversion=3
ADC1.Rank-4\#ChannelRegularConversion=4
ADC1.Rank-5\#ChannelRegularConversion=5
ADC1.Rank-6\#ChannelRegularConversion=6
ADC1.Ratio=64
ADC1.Resolution=ADC_RESOLUTION_14B
ADC1.RightBitShift=ADC_RIGHTBITSHIFT_6
ADC1.SamplingTime-1\#ChannelRegularConversion=ADC_SAMPLETIME_1CYCLE_5
ADC1.SamplingTime-2\#ChannelRegularConversion=ADC_SAMPLETIME_1CYCLE_5
ADC1.SamplingTime-3\#ChannelRegularConversion=ADC_SAMPLETIME_1CYCLE_5
ADC1.SamplingTime-4\#ChannelRegularConversion=ADC_SAMPLETIME_1CYCLE_5
ADC1.SamplingTime-5\#ChannelRegularConversion=ADC_SAMPLETIME_1CYCLE_5
ADC1.SamplingTime-6\#ChannelRegularConversion=ADC_SAMPLETIME_1CYCLE_5
ADC1.master=1
ADC2.Channel-0\#ChannelRegularConversion=ADC_CHANNEL_10
ADC2.Channel-1\#ChannelRegularConversion=ADC_CHANNEL_11
ADC2.Channel-2\#ChannelRegularConversion=ADC_CHANNEL_14
ADC2.Channel-3\#ChannelRegularConversion=ADC_CHANNEL_15
ADC2.ContinuousConvMode=DISABLE
ADC2.ConversionDataManagement=ADC_CONVERSIONDATA_DMA_CIRCULAR
ADC2.EOCSelection=ADC_EOC_SEQ_CONV
ADC2.ExternalTrigConv=ADC_EXTERNALTRIG_T6_TRGO
ADC2.IPParameters=Rank-0\#ChannelRegularConversion,Channel-0\#ChannelRegularConversion,SamplingTime-0\#ChannelRegularConversion,OffsetNumber-0\#ChannelRegularConversion,OffsetSignedSaturation-0\#ChannelRegularConversion,NbrOfConversionFlag,Rank-1\#ChannelRegularConversion,Channel-1\#ChannelRegularConversion,SamplingTime-1\#ChannelRegularConversion,OffsetNumber-1\#ChannelRegularConversion,OffsetSignedSaturation-1\#ChannelRegularConversion,Rank-2\#ChannelRegularConversion,Channel-2\#ChannelRegularConversion,SamplingTime-2\#ChannelRegularConversion,OffsetNumber-2\#ChannelRegularConversion,OffsetSignedSaturation-2\#ChannelRegularConversion,Rank-3\#ChannelRegularConversion,Channel-3\#ChannelRegularConversion,SamplingTime-3\#ChannelRegularConversion,OffsetNumber-3\#ChannelRegularConversion,OffsetSignedSaturation-3\#ChannelRegularConversion,NbrOfConversion,ContinuousConvMode,EOCSelection,ExternalTrigConv,Resolution,ConversionDataManagement
ADC2.NbrOfConversion=4
ADC2.NbrOfConversionFlag=1
ADC2.OffsetNumber-0\#ChannelRegularConversion=ADC_OFFSET_NONE
ADC2.OffsetNumber-1\#ChannelRegularConversion=ADC_OFFSET_NONE
ADC2.OffsetNumber-2\#ChannelRegularConversion=ADC_OFFSET_NONE
ADC2.OffsetNumber-3\#ChannelRegularConversion=ADC_OFFSET_NONE
ADC2.OffsetSignedSaturation-0\#ChannelRegularConversion=DISABLE
ADC2.OffsetSignedSaturation-1\#ChannelRegularConversion=DISABLE
ADC2.OffsetSignedSaturation-2\#ChannelRegularConversion=DISABLE
ADC2.OffsetSignedSaturation-3\#ChannelRegularConversion=DISABLE
ADC2.Rank-0\#ChannelRegularConversion=1
ADC2.Rank-1\#ChannelRegularConversion=2
ADC2.Rank-2\#ChannelRegularConversion=3
ADC2.Rank-3\#ChannelRegularConversion=4
ADC2.Resolution=ADC_RESOLUTION_14B
ADC2.SamplingTime-0\#ChannelRegularConversion=ADC_SAMPLETIME_1CYCLE_5
ADC2.SamplingTime-1\#ChannelRegularConversion=ADC_SAMPLETIME_1CYCLE_5
ADC2.SamplingTime-2\#ChannelRegularConversion=ADC_SAMPLETIME_1CYCLE_5
ADC2.SamplingTime-3\#ChannelRegularConversion=ADC_SAMPLETIME_1CYCLE_5
CAD.formats=
CAD.pinconfig=
CAD.provider=
CORTEX_M7.AccessPermission-Cortex_Memory_Protection_Unit_Region0_Settings=MPU_REGION_FULL_ACCESS
CORTEX_M7.AccessPermission_S-Cortex_Memory_Protection_Unit_Region1_Settings_S=MPU_REGION_FULL_ACCESS
CORTEX_M7.AccessPermission_Spec=MPU_REGION_FULL_ACCESS
CORTEX_M7.BaseAddress-Cortex_Memory_Protection_Unit_Region0_Settings=0x30000000
CORTEX_M7.BaseAddress_S-Cortex_Memory_Protection_Unit_Region1_Settings_S=0x20000000
CORTEX_M7.BaseAddress_Spec=0x38000000
CORTEX_M7.CPU_DCache=Disabled
CORTEX_M7.CPU_ICache=Enabled
CORTEX_M7.Enable-Cortex_Memory_Protection_Unit_Region0_Settings=MPU_REGION_ENABLE
CORTEX_M7.Enable_S-Cortex_Memory_Protection_Unit_Region1_Settings_S=MPU_REGION_ENABLE
CORTEX_M7.IPParameters=MPU_Control,Enable-Cortex_Memory_Protection_Unit_Region0_Settings,BaseAddress-Cortex_Memory_Protection_Unit_Region0_Settings,Size-Cortex_Memory_Protection_Unit_Region0_Settings,AccessPermission-Cortex_Memory_Protection_Unit_Region0_Settings,IsShareable-Cortex_Memory_Protection_Unit_Region0_Settings,IsBufferable-Cortex_Memory_Protection_Unit_Region0_Settings,default_mode_Activation,CPU_ICache,CPU_DCache,BaseAddress_Spec,Size_Spec,AccessPermission_Spec,Enable_S-Cortex_Memory_Protection_Unit_Region1_Settings_S,BaseAddress_S-Cortex_Memory_Protection_Unit_Region1_Settings_S,Size_S-Cortex_Memory_Protection_Unit_Region1_Settings_S,AccessPermission_S-Cortex_Memory_Protection_Unit_Region1_Settings_S
CORTEX_M7.IsBufferable-Cortex_Memory_Protection_Unit_Region0_Settings=MPU_ACCESS_BUFFERABLE
CORTEX_M7.IsShareable-Cortex_Memory_Protection_Unit_Region0_Settings=MPU_ACCESS_SHAREABLE
CORTEX_M7.MPU_Control=__NULL
CORTEX_M7.Size-Cortex_Memory_Protection_Unit_Region0_Settings=MPU_REGION_SIZE_4KB
CORTEX_M7.Size_S-Cortex_Memory_Protection_Unit_Region1_Settings_S=MPU_REGION_SIZE_128KB
CORTEX_M7.Size_Spec=MPU_REGION_SIZE_64KB
CORTEX_M7.default_mode_Activation=1
DAC1.DAC_Channel-DAC_OUT1_ExtAndInt=DAC_CHANNEL_1
DAC1.DAC_Channel-DAC_OUT2_ExtAndInt=DAC_CHANNEL_2
DAC1.IPParameters=DAC_Channel-DAC_OUT1_ExtAndInt,DAC_Channel-DAC_OUT2_ExtAndInt
Dma.ADC1.0.Direction=DMA_PERIPH_TO_MEMORY
Dma.ADC1.0.EventEnable=DISABLE
Dma.ADC1.0.FIFOMode=DMA_FIFOMODE_DISABLE
Dma.ADC1.0.Instance=DMA1_Stream0
Dma.ADC1.0.MemDataAlignment=DMA_MDATAALIGN_HALFWORD
Dma.ADC1.0.MemInc=DMA_MINC_ENABLE
Dma.ADC1.0.Mode=DMA_CIRCULAR
Dma.ADC1.0.PeriphDataAlignment=DMA_PDATAALIGN_HALFWORD
Dma.ADC1.0.PeriphInc=DMA_PINC_DISABLE
Dma.ADC1.0.Polarity=HAL_DMAMUX_REQ_GEN_RISING
Dma.ADC1.0.Priority=DMA_PRIORITY_LOW
Dma.ADC1.0.RequestNumber=1
Dma.ADC1.0.RequestParameters=Instance,Direction,PeriphInc,MemInc,PeriphDataAlignment,MemDataAlignment,Mode,Priority,FIFOMode,SignalID,Polarity,RequestNumber,SyncSignalID,SyncPolarity,SyncEnable,EventEnable,SyncRequestNumber
Dma.ADC1.0.SignalID=NONE
Dma.ADC1.0.SyncEnable=DISABLE
Dma.ADC1.0.SyncPolarity=HAL_DMAMUX_SYNC_NO_EVENT
Dma.ADC1.0.SyncRequestNumber=1
Dma.ADC1.0.SyncSignalID=NONE
Dma.ADC2.1.Direction=DMA_PERIPH_TO_MEMORY
Dma.ADC2.1.EventEnable=DISABLE
Dma.ADC2.1.FIFOMode=DMA_FIFOMODE_DISABLE
Dma.ADC2.1.Instance=DMA1_Stream1
Dma.ADC2.1.MemDataAlignment=DMA_MDATAALIGN_HALFWORD
Dma.ADC2.1.MemInc=DMA_MINC_ENABLE
Dma.ADC2.1.Mode=DMA_CIRCULAR
Dma.ADC2.1.PeriphDataAlignment=DMA_PDATAALIGN_HALFWORD
Dma.ADC2.1.PeriphInc=DMA_PINC_DISABLE
Dma.ADC2.1.Polarity=HAL_DMAMUX_REQ_GEN_RISING
Dma.ADC2.1.Priority=DMA_PRIORITY_LOW
Dma.ADC2.1.RequestNumber=1
Dma.ADC2.1.RequestParameters=Instance,Direction,PeriphInc,MemInc,PeriphDataAlignment,MemDataAlignment,Mode,Priority,FIFOMode,SignalID,Polarity,RequestNumber,SyncSignalID,SyncPolarity,SyncEnable,EventEnable,SyncRequestNumber
Dma.ADC2.1.SignalID=NONE
Dma.ADC2.1.SyncEnable=DISABLE
Dma.ADC2.1.SyncPolarity=HAL_DMAMUX_SYNC_NO_EVENT
Dma.ADC2.1.SyncRequestNumber=1
Dma.ADC2.1.SyncSignalID=NONE
Dma.Request0=ADC1
Dma.Request1=ADC2
Dma.Request2=SPI2_TX
Dma.Request3=SPI2_RX
Dma.Request4=SPI1_TX
Dma.RequestsNb=5
Dma.SPI1_TX.4.Direction=DMA_MEMORY_TO_PERIPH
Dma.SPI1_TX.4.EventEnable=DISABLE
Dma.SPI1_TX.4.FIFOMode=DMA_FIFOMODE_DISABLE
Dma.SPI1_TX.4.Instance=DMA1_Stream4
Dma.SPI1_TX.4.MemDataAlignment=DMA_MDATAALIGN_BYTE
Dma.SPI1_TX.4.MemInc=DMA_MINC_ENABLE
Dma.SPI1_TX.4.Mode=DMA_NORMAL
Dma.SPI1_TX.4.PeriphDataAlignment=DMA_PDATAALIGN_BYTE
Dma.SPI1_TX.4.PeriphInc=DMA_PINC_DISABLE
Dma.SPI1_TX.4.Polarity=HAL_DMAMUX_REQ_GEN_RISING
Dma.SPI1_TX.4.Priority=DMA_PRIORITY_LOW
Dma.SPI1_TX.4.RequestNumber=1
Dma.SPI1_TX.4.RequestParameters=Instance,Direction,PeriphInc,MemInc,PeriphDataAlignment,MemDataAlignment,Mode,Priority,FIFOMode,SignalID,Polarity,RequestNumber,SyncSignalID,SyncPolarity,SyncEnable,EventEnable,SyncRequestNumber
Dma.SPI1_TX.4.SignalID=NONE
Dma.SPI1_TX.4.SyncEnable=DISABLE
Dma.SPI1_TX.4.SyncPolarity=HAL_DMAMUX_SYNC_NO_EVENT
Dma.SPI1_TX.4.SyncRequestNumber=1
Dma.SPI1_TX.4.SyncSignalID=NONE
Dma.SPI2_RX.3.Direction=DMA_PERIPH_TO_MEMORY
Dma.SPI2_RX.3.EventEnable=DISABLE
Dma.SPI2_RX.3.FIFOMode=DMA_FIFOMODE_DISABLE
Dma.SPI2_RX.3.Instance=DMA1_Stream3
Dma.SPI2_RX.3.MemDataAlignment=DMA_MDATAALIGN_BYTE
Dma.SPI2_RX.3.MemInc=DMA_MINC_ENABLE
Dma.SPI2_RX.3.Mode=DMA_CIRCULAR
Dma.SPI2_RX.3.PeriphDataAlignment=DMA_PDATAALIGN_BYTE
Dma.SPI2_RX.3.PeriphInc=DMA_PINC_DISABLE
Dma.SPI2_RX.3.Polarity=HAL_DMAMUX_REQ_GEN_RISING
Dma.SPI2_RX.3.Priority=DMA_PRIORITY_LOW
Dma.SPI2_RX.3.RequestNumber=1
Dma.SPI2_RX.3.RequestParameters=Instance,Direction,PeriphInc,MemInc,PeriphDataAlignment,MemDataAlignment,Mode,Priority,FIFOMode,SignalID,Polarity,RequestNumber,SyncSignalID,SyncPolarity,SyncEnable,EventEnable,SyncRequestNumber
Dma.SPI2_RX.3.SignalID=NONE
Dma.SPI2_RX.3.SyncEnable=DISABLE
Dma.SPI2_RX.3.SyncPolarity=HAL_DMAMUX_SYNC_NO_EVENT
Dma.SPI2_RX.3.SyncRequestNumber=1
Dma.SPI2_RX.3.SyncSignalID=NONE
Dma.SPI2_TX.2.Direction=DMA_MEMORY_TO_PERIPH
Dma.SPI2_TX.2.EventEnable=DISABLE
Dma.SPI2_TX.2.FIFOMode=DMA_FIFOMODE_DISABLE
Dma.SPI2_TX.2.Instance=DMA1_Stream2
Dma.SPI2_TX.2.MemDataAlignment=DMA_MDATAALIGN_HALFWORD
Dma.SPI2_TX.2.MemInc=DMA_MINC_ENABLE
Dma.SPI2_TX.2.Mode=DMA_CIRCULAR
Dma.SPI2_TX.2.PeriphDataAlignment=DMA_PDATAALIGN_HALFWORD
Dma.SPI2_TX.2.PeriphInc=DMA_PINC_DISABLE
Dma.SPI2_TX.2.Polarity=HAL_DMAMUX_REQ_GEN_RISING
Dma.SPI2_TX.2.Priority=DMA_PRIORITY_LOW
Dma.SPI2_TX.2.RequestNumber=1
Dma.SPI2_TX.2.RequestParameters=Instance,Direction,PeriphInc,MemInc,PeriphDataAlignment,MemDataAlignment,Mode,Priority,FIFOMode,SignalID,Polarity,RequestNumber,SyncSignalID,SyncPolarity,SyncEnable,EventEnable,SyncRequestNumber
Dma.SPI2_TX.2.SignalID=NONE
Dma.SPI2_TX.2.SyncEnable=DISABLE
Dma.SPI2_TX.2.SyncPolarity=HAL_DMAMUX_SYNC_NO_EVENT
Dma.SPI2_TX.2.SyncRequestNumber=1
Dma.SPI2_TX.2.SyncSignalID=NONE
FATFS.BSP.number=1
FATFS.IPParameters=_USE_LFN,_FS_TINY,_FS_EXFAT
FATFS._FS_EXFAT=1
FATFS._FS_TINY=1
FATFS._USE_LFN=1
FATFS0.BSP.STBoard=false
FATFS0.BSP.api=Unknown
FATFS0.BSP.component=
FATFS0.BSP.condition=
FATFS0.BSP.instance=PC7
FATFS0.BSP.ip=GPIO
FATFS0.BSP.mode=Input
FATFS0.BSP.name=Detect_SDIO
FATFS0.BSP.semaphore=
FATFS0.BSP.solution=PC7
File.Version=6
GPIO.groupedBy=Group By Peripherals
I2C1.I2C_Speed_Mode=I2C_Fast
I2C1.IPParameters=Timing,I2C_Speed_Mode
I2C1.Timing=0x0010061A
I2S2.AudioFreq=I2S_AUDIOFREQ_48K
I2S2.DataFormat=I2S_DATAFORMAT_16B_EXTENDED
I2S2.ErrorAudioFreq=0.0 %
I2S2.IPParameters=Instance,RealAudioFreq,ErrorAudioFreq,AudioFreq,DataFormat
I2S2.Instance=SPI$Index
I2S2.RealAudioFreq=48.0 KHz
KeepUserPlacement=false
Mcu.CPN=STM32H743VIT6
Mcu.Family=STM32H7
Mcu.IP0=ADC1
Mcu.IP1=ADC2
Mcu.IP10=NVIC
Mcu.IP11=QUADSPI
Mcu.IP12=RCC
Mcu.IP13=RNG
Mcu.IP14=SAI1
Mcu.IP15=SDMMC1
Mcu.IP16=SPI1
Mcu.IP17=SYS
Mcu.IP18=TIM6
Mcu.IP19=TIM16
Mcu.IP2=CORTEX_M7
Mcu.IP20=TIM17
Mcu.IP21=UART4
Mcu.IP22=USB_DEVICE
Mcu.IP23=USB_OTG_FS
Mcu.IP3=CRC
Mcu.IP4=DAC1
Mcu.IP5=DEBUG
Mcu.IP6=DMA
Mcu.IP7=FATFS
Mcu.IP8=I2C1
Mcu.IP9=I2S2
Mcu.IPNb=24
Mcu.Name=STM32H743VITx
Mcu.Package=LQFP100
Mcu.Pin0=PE2
Mcu.Pin1=PE3
Mcu.Pin10=PA3
Mcu.Pin11=PA4
Mcu.Pin12=PA5
Mcu.Pin13=PA6
Mcu.Pin14=PA7
Mcu.Pin15=PC4
Mcu.Pin16=PC5
Mcu.Pin17=PB0
Mcu.Pin18=PB1
Mcu.Pin19=PB2
Mcu.Pin2=PH0-OSC_IN (PH0)
Mcu.Pin20=PB10
Mcu.Pin21=PB12
Mcu.Pin22=PB13
Mcu.Pin23=PB14
Mcu.Pin24=PB15
Mcu.Pin25=PD11
Mcu.Pin26=PD12
Mcu.Pin27=PD13
Mcu.Pin28=PC6
Mcu.Pin29=PC7
Mcu.Pin3=PH1-OSC_OUT (PH1)
Mcu.Pin30=PC8
Mcu.Pin31=PC9
Mcu.Pin32=PA11
Mcu.Pin33=PA12
Mcu.Pin34=PA13 (JTMS/SWDIO)
Mcu.Pin35=PA14 (JTCK/SWCLK)
Mcu.Pin36=PA15 (JTDI)
Mcu.Pin37=PC10
Mcu.Pin38=PC11
Mcu.Pin39=PC12
Mcu.Pin4=PC0
Mcu.Pin40=PD1
Mcu.Pin41=PD2
Mcu.Pin42=PD3
Mcu.Pin43=PD5
Mcu.Pin44=PD6
Mcu.Pin45=PD7
Mcu.Pin46=PB3 (JTDO/TRACESWO)
Mcu.Pin47=PB4 (NJTRST)
Mcu.Pin48=PB5
Mcu.Pin49=PB6
Mcu.Pin5=PC1
Mcu.Pin50=PB7
Mcu.Pin51=PB8
Mcu.Pin52=PB9
Mcu.Pin53=PE0
Mcu.Pin54=PE1
Mcu.Pin55=VP_CRC_VS_CRC
Mcu.Pin56=VP_FATFS_VS_SDIO
Mcu.Pin57=VP_RNG_VS_RNG
Mcu.Pin58=VP_SYS_VS_Systick
Mcu.Pin59=VP_TIM6_VS_ClockSourceINT
Mcu.Pin6=PC2_C
Mcu.Pin60=VP_TIM16_VS_ClockSourceINT
Mcu.Pin61=VP_TIM17_VS_ClockSourceINT
Mcu.Pin62=VP_USB_DEVICE_VS_USB_DEVICE_CDC_FS
Mcu.Pin7=PA0
Mcu.Pin8=PA1
Mcu.Pin9=PA2
Mcu.PinsNb=63
Mcu.ThirdPartyNb=0
Mcu.UserConstants=
Mcu.UserName=STM32H743VITx
MxCube.Version=6.10.0
MxDb.Version=DB.6.0.100
NVIC.BusFault_IRQn=true\:0\:0\:false\:false\:true\:false\:false\:false
NVIC.DMA1_Stream0_IRQn=true\:0\:0\:false\:false\:true\:false\:true\:true
NVIC.DMA1_Stream1_IRQn=true\:0\:0\:false\:false\:true\:false\:true\:true
NVIC.DMA1_Stream2_IRQn=true\:7\:0\:true\:false\:true\:false\:true\:true
NVIC.DMA1_Stream3_IRQn=true\:7\:0\:true\:false\:true\:false\:true\:true
NVIC.DMA1_Stream4_IRQn=true\:0\:0\:false\:false\:true\:false\:true\:true
NVIC.DebugMonitor_IRQn=true\:0\:0\:false\:false\:true\:false\:false\:false
NVIC.EXTI0_IRQn=true\:0\:0\:false\:false\:true\:true\:true\:true
NVIC.EXTI1_IRQn=true\:0\:0\:false\:false\:true\:true\:true\:true
NVIC.EXTI2_IRQn=true\:0\:0\:false\:false\:true\:true\:true\:true
NVIC.ForceEnableDMAVector=true
NVIC.HardFault_IRQn=true\:0\:0\:false\:false\:true\:false\:false\:false
NVIC.MemoryManagement_IRQn=true\:0\:0\:false\:false\:true\:false\:false\:false
NVIC.NonMaskableInt_IRQn=true\:0\:0\:false\:false\:true\:false\:false\:false
NVIC.OTG_FS_IRQn=true\:0\:0\:false\:false\:true\:false\:true\:true
NVIC.PendSV_IRQn=true\:0\:0\:false\:false\:true\:false\:false\:false
NVIC.PriorityGroup=NVIC_PRIORITYGROUP_4
NVIC.SPI1_IRQn=true\:0\:0\:false\:false\:true\:false\:true\:true
NVIC.SVCall_IRQn=true\:0\:0\:false\:false\:true\:false\:false\:false
NVIC.SysTick_IRQn=true\:15\:0\:false\:false\:true\:false\:true\:false
NVIC.TIM6_DAC_IRQn=true\:0\:0\:false\:false\:true\:true\:true\:true
NVIC.UsageFault_IRQn=true\:0\:0\:false\:false\:true\:false\:false\:false
PA0.Locked=true
PA0.Mode=Asynchronous
PA0.Signal=UART4_TX
PA1.Locked=true
PA1.Mode=Asynchronous
PA1.Signal=UART4_RX
PA11.Mode=Device_Only
PA11.Signal=USB_OTG_FS_DM
PA12.Mode=Device_Only
PA12.Signal=USB_OTG_FS_DP
PA13\ (JTMS/SWDIO).Mode=Serial_Wire
PA13\ (JTMS/SWDIO).Signal=DEBUG_JTMS-SWDIO
PA14\ (JTCK/SWCLK).Mode=Serial_Wire
PA14\ (JTCK/SWCLK).Signal=DEBUG_JTCK-SWCLK
PA15\ (JTDI).Mode=Hardware Flow Control (RS485)
PA15\ (JTDI).Signal=UART4_DE
PA2.Signal=ADCx_INP14
PA3.Signal=ADCx_INP15
PA4.Signal=COMP_DAC11_group
PA5.Signal=COMP_DAC12_group
PA6.Locked=true
PA6.Signal=ADCx_INP3
PA7.Locked=true
PA7.Signal=ADCx_INP7
PB0.Locked=true
PB0.Signal=ADCx_INP9
PB1.Locked=true
PB1.Signal=ADCx_INP5
PB10.Mode=Single Bank 1
PB10.Signal=QUADSPI_BK1_NCS
PB12.Locked=true
PB12.Mode=Full_Duplex_Master
PB12.Signal=I2S2_WS
PB13.Locked=true
PB13.Mode=Full_Duplex_Master
PB13.Signal=I2S2_CK
PB14.Locked=true
PB14.Mode=Full_Duplex_Master
PB14.Signal=I2S2_SDI
PB15.Locked=true
PB15.Mode=Full_Duplex_Master
PB15.Signal=I2S2_SDO
PB2.Mode=Single Bank 1
PB2.Signal=QUADSPI_CLK
PB3\ (JTDO/TRACESWO).Locked=true
PB3\ (JTDO/TRACESWO).Mode=Full_Duplex_Master
PB3\ (JTDO/TRACESWO).Signal=SPI1_SCK
PB4\ (NJTRST).Locked=true
PB4\ (NJTRST).Mode=Full_Duplex_Master
PB4\ (NJTRST).Signal=SPI1_MISO
PB5.GPIOParameters=GPIO_Label
PB5.GPIO_Label=LCD_RESET
PB5.Locked=true
PB5.Signal=GPIO_Output
PB6.Locked=true
PB6.Mode=I2C
PB6.Signal=I2C1_SCL
PB7.Locked=true
PB7.Mode=I2C
PB7.Signal=I2C1_SDA
PB8.GPIOParameters=GPIO_Label
PB8.GPIO_Label=TIM16_CH1_BKL
PB8.Locked=true
PB8.Signal=S_TIM16_CH1
PB9.GPIOParameters=GPIO_Label
PB9.GPIO_Label=LED
PB9.Locked=true
PB9.Signal=S_TIM17_CH1
PC0.Locked=true
PC0.Signal=ADCx_INP10
PC1.Signal=ADCx_INP11
PC10.Mode=SD_4_bits_Wide_bus
PC10.Signal=SDMMC1_D2
PC11.Mode=SD_4_bits_Wide_bus
PC11.Signal=SDMMC1_D3
PC12.Mode=SD_4_bits_Wide_bus
PC12.Signal=SDMMC1_CK
PC2_C.GPIOParameters=GPIO_Label
PC2_C.GPIO_Label=TOUCH_IRQ
PC2_C.Locked=true
PC2_C.Signal=GPXTI2
PC4.Locked=true
PC4.Signal=ADCx_INP4
PC5.Locked=true
PC5.Signal=ADCx_INP8
PC6.Mode=Master_Clock_Activated
PC6.Signal=I2S2_MCK
PC7.GPIOParameters=GPIO_PuPd,GPIO_Label
PC7.GPIO_Label=SD_DETECT
PC7.GPIO_PuPd=GPIO_PULLUP
PC7.Locked=true
PC7.Signal=GPIO_Input
PC8.Mode=SD_4_bits_Wide_bus
PC8.Signal=SDMMC1_D0
PC9.Mode=SD_4_bits_Wide_bus
PC9.Signal=SDMMC1_D1
PD1.GPIOParameters=GPIO_PuPd,GPIO_Label,GPIO_ModeDefaultEXTI
PD1.GPIO_Label=ENCODER1_BTN
PD1.GPIO_ModeDefaultEXTI=GPIO_MODE_IT_FALLING
PD1.GPIO_PuPd=GPIO_PULLUP
PD1.Locked=true
PD1.Signal=GPXTI1
PD11.Mode=Single Bank 1
PD11.Signal=QUADSPI_BK1_IO0
PD12.Mode=Single Bank 1
PD12.Signal=QUADSPI_BK1_IO1
PD13.Locked=true
PD13.Mode=Single Bank 1
PD13.Signal=QUADSPI_BK1_IO3
PD2.Mode=SD_4_bits_Wide_bus
PD2.Signal=SDMMC1_CMD
PD3.GPIOParameters=GPIO_Label
PD3.GPIO_Label=TOUCH_CS
PD3.Locked=true
PD3.Signal=GPIO_Output
PD5.GPIOParameters=GPIO_Label
PD5.GPIO_Label=LCD_DC
PD5.Locked=true
PD5.Signal=GPIO_Output
PD6.GPIOParameters=GPIO_Label
PD6.GPIO_Label=LCD_SS
PD6.Locked=true
PD6.Signal=GPIO_Output
PD7.Locked=true
PD7.Mode=Full_Duplex_Master
PD7.Signal=SPI1_MOSI
PE0.GPIOParameters=GPIO_PuPd,GPIO_Label,GPIO_ModeDefaultEXTI
PE0.GPIO_Label=ENCODER1_PHASE
PE0.GPIO_ModeDefaultEXTI=GPIO_MODE_IT_FALLING
PE0.GPIO_PuPd=GPIO_PULLUP
PE0.Locked=true
PE0.Signal=GPXTI0
PE1.GPIOParameters=GPIO_PuPd,GPIO_Label
PE1.GPIO_Label=ENCODER1_DATA
PE1.GPIO_PuPd=GPIO_PULLUP
PE1.Locked=true
PE1.Signal=GPIO_Input
PE2.Mode=Single Bank 1
PE2.Signal=QUADSPI_BK1_IO2
PE3.Mode=SAI_B_SPDIF
PE3.Signal=SAI1_SD_B
PH0-OSC_IN\ (PH0).Mode=HSE-External-Oscillator
PH0-OSC_IN\ (PH0).Signal=RCC_OSC_IN
PH1-OSC_OUT\ (PH1).Mode=HSE-External-Oscillator
PH1-OSC_OUT\ (PH1).Signal=RCC_OSC_OUT
PinOutPanel.RotationAngle=0
ProjectManager.AskForMigrate=true
ProjectManager.BackupPrevious=false
ProjectManager.CompilerOptimize=6
ProjectManager.ComputerToolchain=false
ProjectManager.CoupleFile=false
ProjectManager.CustomerFirmwarePackage=
ProjectManager.DefaultFWLocation=true
ProjectManager.DeletePrevious=true
ProjectManager.DeviceId=STM32H743VITx
ProjectManager.FirmwarePackage=STM32Cube FW_H7 V1.11.1
ProjectManager.FreePins=false
ProjectManager.HalAssertFull=false
ProjectManager.HeapSize=0x200
ProjectManager.KeepUserCode=true
ProjectManager.LastFirmware=true
ProjectManager.LibraryCopy=1
ProjectManager.MainLocation=Core/Src
ProjectManager.NoMain=false
ProjectManager.PreviousToolchain=
ProjectManager.ProjectBuild=false
ProjectManager.ProjectFileName=bb201_vco.ioc
ProjectManager.ProjectName=bb201_vco
ProjectManager.ProjectStructure=
ProjectManager.RegisterCallBack=
ProjectManager.StackSize=0x400
ProjectManager.TargetToolchain=STM32CubeIDE
ProjectManager.ToolChainLocation=
ProjectManager.UAScriptAfterPath=
ProjectManager.UAScriptBeforePath=
ProjectManager.UnderRoot=true
ProjectManager.functionlistsort=1-SystemClock_Config-RCC-false-HAL-false,2-MX_GPIO_Init-GPIO-false-HAL-true,3-MX_DMA_Init-DMA-false-HAL-true,4-MX_UART4_Init-UART4-false-HAL-true,5-MX_CRC_Init-CRC-false-HAL-true,6-MX_QUADSPI_Init-QUADSPI-false-HAL-true,7-MX_SDMMC1_SD_Init-SDMMC1-false-HAL-true,8-MX_FATFS_Init-FATFS-false-HAL-false,9-MX_I2C1_Init-I2C1-false-HAL-true,10-MX_I2S2_Init-I2S2-false-HAL-true,11-MX_TIM16_Init-TIM16-false-HAL-true,12-MX_ADC1_Init-ADC1-false-HAL-true,13-MX_ADC2_Init-ADC2-false-HAL-true,14-MX_DAC1_Init-DAC1-false-HAL-true,15-MX_SAI1_Init-SAI1-false-HAL-true,16-MX_SPI1_Init-SPI1-false-HAL-true,17-MX_TIM6_Init-TIM6-false-HAL-true,18-MX_TIM17_Init-TIM17-false-HAL-true,19-MX_RNG_Init-RNG-false-HAL-true,20-MX_USB_OTG_FS_PCD_Init-USB_OTG_FS-false-HAL-true,0-MX_CORTEX_M7_Init-CORTEX_M7-false-HAL-true
QUADSPI.ChipSelectHighTime=QSPI_CS_HIGH_TIME_1_CYCLE
QUADSPI.ClockMode=QSPI_CLOCK_MODE_0
QUADSPI.ClockPrescaler=1
QUADSPI.FifoThreshold=1
QUADSPI.FlashSize=23
QUADSPI.IPParameters=ClockPrescaler,FifoThreshold,ClockMode,ChipSelectHighTime,FlashSize
RCC.ADCCLockSelection=RCC_ADCCLKSOURCE_PLL3
RCC.ADCFreq_Value=6144030.76171875
RCC.AHB12Freq_Value=240000000
RCC.AHB4Freq_Value=240000000
RCC.APB1Freq_Value=120000000
RCC.APB2Freq_Value=120000000
RCC.APB3Freq_Value=120000000
RCC.APB4Freq_Value=120000000
RCC.AXIClockFreq_Value=240000000
RCC.CECFreq_Value=32000
RCC.CKPERFreq_Value=16000000
RCC.CortexFreq_Value=480000000
RCC.CpuClockFreq_Value=480000000
RCC.D1CPREFreq_Value=480000000
RCC.D1PPRE=RCC_APB3_DIV2
RCC.D2PPRE1=RCC_APB1_DIV2
RCC.D2PPRE2=RCC_APB2_DIV2
RCC.D3PPRE=RCC_APB4_DIV2
RCC.DFSDMACLkFreq_Value=24576123.046875
RCC.DFSDMFreq_Value=120000000
RCC.DIVM1=2
RCC.DIVM2=12
RCC.DIVM3=2
RCC.DIVN1=80
RCC.DIVN2=100
RCC.DIVN3=20
RCC.DIVP1Freq_Value=480000000
RCC.DIVP2=4
RCC.DIVP2Freq_Value=50000000
RCC.DIVP3=10
RCC.DIVP3Freq_Value=24576123.046875
RCC.DIVQ1=4
RCC.DIVQ1Freq_Value=240000000
RCC.DIVQ2Freq_Value=100000000
RCC.DIVQ3=40
RCC.DIVQ3Freq_Value=6144030.76171875
RCC.DIVR1=8
RCC.DIVR1Freq_Value=120000000
RCC.DIVR2=4
RCC.DIVR2Freq_Value=50000000
RCC.DIVR3=40
RCC.DIVR3Freq_Value=6144030.76171875
RCC.FDCANCLockSelection=RCC_FDCANCLKSOURCE_PLL2
RCC.FDCANFreq_Value=100000000
RCC.FMCFreq_Value=240000000
RCC.FamilyName=M
RCC.HCLK3ClockFreq_Value=240000000
RCC.HCLKFreq_Value=240000000
RCC.HPRE=RCC_HCLK_DIV2
RCC.HRTIMFreq_Value=240000000
RCC.HSE_VALUE=24000000
RCC.HSIDiv=RCC_PLLSAIDIVR_4
RCC.I2C123CLockSelection=RCC_I2C123CLKSOURCE_HSI
RCC.I2C123Freq_Value=16000000
RCC.I2C4Freq_Value=120000000
RCC.IPParameters=ADCCLockSelection,ADCFreq_Value,AHB12Freq_Value,AHB4Freq_Value,APB1Freq_Value,APB2Freq_Value,APB3Freq_Value,APB4Freq_Value,AXIClockFreq_Value,CECFreq_Value,CKPERFreq_Value,CortexFreq_Value,CpuClockFreq_Value,D1CPREFreq_Value,D1PPRE,D2PPRE1,D2PPRE2,D3PPRE,DFSDMACLkFreq_Value,DFSDMFreq_Value,DIVM1,DIVM2,DIVM3,DIVN1,DIVN2,DIVN3,DIVP1Freq_Value,DIVP2,DIVP2Freq_Value,DIVP3,DIVP3Freq_Value,DIVQ1,DIVQ1Freq_Value,DIVQ2Freq_Value,DIVQ3,DIVQ3Freq_Value,DIVR1,DIVR1Freq_Value,DIVR2,DIVR2Freq_Value,DIVR3,DIVR3Freq_Value,FDCANCLockSelection,FDCANFreq_Value,FMCFreq_Value,FamilyName,HCLK3ClockFreq_Value,HCLKFreq_Value,HPRE,HRTIMFreq_Value,HSE_VALUE,HSIDiv,I2C123CLockSelection,I2C123Freq_Value,I2C4Freq_Value,LPTIM1CLockSelection,LPTIM1Freq_Value,LPTIM2Freq_Value,LPTIM345Freq_Value,LPUART1Freq_Value,LTDCFreq_Value,MCO1PinFreq_Value,MCO2PinFreq_Value,PLL2FRACN,PLL3FRACN,PLLFRACN,PLLSourceVirtual,PWR_Regulator_Voltage_Scale,ProductRev,QSPICLockSelection,QSPIFreq_Value,RNGFreq_Value,RTCFreq_Value,SAI1CLockSelection,SAI1Freq_Value,SAI23Freq_Value,SAI4AFreq_Value,SAI4BFreq_Value,SDMMC1CLockSelection,SDMMCFreq_Value,SPDIFRXFreq_Value,SPI123CLockSelection,SPI123Freq_Value,SPI45Freq_Value,SPI6Freq_Value,SWPMI1Freq_Value,SYSCLKFreq_VALUE,SYSCLKSource,Tim1OutputFreq_Value,Tim2OutputFreq_Value,TraceFreq_Value,USART16Freq_Value,USART234578CLockSelection,USART234578Freq_Value,USBCLockSelection,USBFreq_Value,VCO1OutputFreq_Value,VCO2OutputFreq_Value,VCO3OutputFreq_Value,VCOInput1Freq_Value,VCOInput2Freq_Value,VCOInput3Freq_Value
RCC.LPTIM1CLockSelection=RCC_LPTIM1CLKSOURCE_LSI
RCC.LPTIM1Freq_Value=32000
RCC.LPTIM2Freq_Value=120000000
RCC.LPTIM345Freq_Value=120000000
RCC.LPUART1Freq_Value=120000000
RCC.LTDCFreq_Value=6144030.76171875
RCC.MCO1PinFreq_Value=16000000
RCC.MCO2PinFreq_Value=480000000
RCC.PLL2FRACN=0
RCC.PLL3FRACN=3933
RCC.PLLFRACN=0
RCC.PLLSourceVirtual=RCC_PLLSOURCE_HSE
RCC.PWR_Regulator_Voltage_Scale=PWR_REGULATOR_VOLTAGE_SCALE0
RCC.ProductRev=revV
RCC.QSPICLockSelection=RCC_QSPICLKSOURCE_PLL2
RCC.QSPIFreq_Value=50000000
RCC.RNGFreq_Value=48000000
RCC.RTCFreq_Value=32000
RCC.SAI1CLockSelection=RCC_SAI1CLKSOURCE_PLL3
RCC.SAI1Freq_Value=24576123.046875
RCC.SAI23Freq_Value=240000000
RCC.SAI4AFreq_Value=240000000
RCC.SAI4BFreq_Value=240000000
RCC.SDMMC1CLockSelection=RCC_SDMMCCLKSOURCE_PLL2
RCC.SDMMCFreq_Value=50000000
RCC.SPDIFRXFreq_Value=240000000
RCC.SPI123CLockSelection=RCC_SPI123CLKSOURCE_PLL3
RCC.SPI123Freq_Value=24576123.046875
RCC.SPI45Freq_Value=120000000
RCC.SPI6Freq_Value=120000000
RCC.SWPMI1Freq_Value=120000000
RCC.SYSCLKFreq_VALUE=480000000
RCC.SYSCLKSource=RCC_SYSCLKSOURCE_PLLCLK
RCC.Tim1OutputFreq_Value=240000000
RCC.Tim2OutputFreq_Value=240000000
RCC.TraceFreq_Value=120000000
RCC.USART16Freq_Value=120000000
RCC.USART234578CLockSelection=RCC_USART234578CLKSOURCE_PLL3
RCC.USART234578Freq_Value=6144030.76171875
RCC.USBCLockSelection=RCC_USBCLKSOURCE_HSI48
RCC.USBFreq_Value=48000000
RCC.VCO1OutputFreq_Value=960000000
RCC.VCO2OutputFreq_Value=200000000
RCC.VCO3OutputFreq_Value=245761230.46875
RCC.VCOInput1Freq_Value=12000000
RCC.VCOInput2Freq_Value=2000000
RCC.VCOInput3Freq_Value=12000000
SAI1.IPParameters=Instance-SAI_B_SPDIF,VirtualMode-SAI_B_SPDIF,RealAudioFreq-SAI_B_SPDIF
SAI1.Instance-SAI_B_SPDIF=SAI$Index_Block_B
SAI1.RealAudioFreq-SAI_B_SPDIF=384.001 KHz
SAI1.VirtualMode-SAI_B_SPDIF=VM_SPDIF
SDMMC1.ClockDiv=2
SDMMC1.HardwareFlowControl=SDMMC_HARDWARE_FLOW_CONTROL_ENABLE
SDMMC1.IPParameters=ClockDiv,HardwareFlowControl
SH.ADCx_INP10.0=ADC2_INP10,IN10-Single-Ended
SH.ADCx_INP10.ConfNb=1
SH.ADCx_INP11.0=ADC2_INP11,IN11-Single-Ended
SH.ADCx_INP11.ConfNb=1
SH.ADCx_INP14.0=ADC2_INP14,IN14-Single-Ended
SH.ADCx_INP14.ConfNb=1
SH.ADCx_INP15.0=ADC2_INP15,IN15-Single-Ended
SH.ADCx_INP15.ConfNb=1
SH.ADCx_INP3.0=ADC1_INP3,IN3-Single-Ended
SH.ADCx_INP3.ConfNb=1
SH.ADCx_INP4.0=ADC1_INP4,IN4-Single-Ended
SH.ADCx_INP4.ConfNb=1
SH.ADCx_INP5.0=ADC1_INP5,IN5-Single-Ended
SH.ADCx_INP5.ConfNb=1
SH.ADCx_INP7.0=ADC1_INP7,IN7-Single-Ended
SH.ADCx_INP7.ConfNb=1
SH.ADCx_INP8.0=ADC1_INP8,IN8-Single-Ended
SH.ADCx_INP8.ConfNb=1
SH.ADCx_INP9.0=ADC1_INP9,IN9-Single-Ended
SH.ADCx_INP9.ConfNb=1
SH.COMP_DAC11_group.0=DAC1_OUT1,DAC_OUT1_ExtAndInt
SH.COMP_DAC11_group.ConfNb=1
SH.COMP_DAC12_group.0=DAC1_OUT2,DAC_OUT2_ExtAndInt
SH.COMP_DAC12_group.ConfNb=1
SH.GPXTI0.0=GPIO_EXTI0
SH.GPXTI0.ConfNb=1
SH.GPXTI1.0=GPIO_EXTI1
SH.GPXTI1.ConfNb=1
SH.GPXTI2.0=GPIO_EXTI2
SH.GPXTI2.ConfNb=1
SH.S_TIM16_CH1.0=TIM16_CH1,PWM Generation1 CH1
SH.S_TIM16_CH1.ConfNb=1
SH.S_TIM17_CH1.0=TIM17_CH1,PWM Generation1 CH1
SH.S_TIM17_CH1.ConfNb=1
SPI1.BaudRatePrescaler=SPI_BAUDRATEPRESCALER_2
SPI1.CalculateBaudRate=12.288061 MBits/s
SPI1.DataSize=SPI_DATASIZE_8BIT
SPI1.Direction=SPI_DIRECTION_2LINES
SPI1.IPParameters=VirtualType,Mode,Direction,CalculateBaudRate,BaudRatePrescaler,DataSize
SPI1.Mode=SPI_MODE_MASTER
SPI1.VirtualType=VM_MASTER
TIM16.Channel=TIM_CHANNEL_1
TIM16.IPParameters=Channel,Prescaler,Period,Pulse
TIM16.Period=1000
TIM16.Prescaler=240
TIM16.Pulse=500
TIM17.Channel=TIM_CHANNEL_1
TIM17.IPParameters=Channel,Prescaler,Period,Pulse,OCPolarity_1
TIM17.OCPolarity_1=TIM_OCPOLARITY_HIGH
TIM17.Period=10000
TIM17.Prescaler=24000
TIM17.Pulse=9800
TIM6.IPParameters=Prescaler,Period,TIM_MasterOutputTrigger
TIM6.Period=1000
TIM6.Prescaler=240
TIM6.TIM_MasterOutputTrigger=TIM_TRGO_UPDATE
USB_DEVICE.CLASS_NAME_FS=CDC
USB_DEVICE.IPParameters=VirtualModeFS,CLASS_NAME_FS,VirtualMode-CDC_FS
USB_DEVICE.VirtualMode-CDC_FS=Cdc
USB_DEVICE.VirtualModeFS=Cdc_FS
USB_OTG_FS.IPParameters=VirtualMode
USB_OTG_FS.VirtualMode=Device_Only
VP_CRC_VS_CRC.Mode=CRC_Activate
VP_CRC_VS_CRC.Signal=CRC_VS_CRC
VP_FATFS_VS_SDIO.Mode=SDIO
VP_FATFS_VS_SDIO.Signal=FATFS_VS_SDIO
VP_RNG_VS_RNG.Mode=RNG_Activate
VP_RNG_VS_RNG.Signal=RNG_VS_RNG
VP_SYS_VS_Systick.Mode=SysTick
VP_SYS_VS_Systick.Signal=SYS_VS_Systick
VP_TIM16_VS_ClockSourceINT.Mode=Enable_Timer
VP_TIM16_VS_ClockSourceINT.Signal=TIM16_VS_ClockSourceINT
VP_TIM17_VS_ClockSourceINT.Mode=Enable_Timer
VP_TIM17_VS_ClockSourceINT.Signal=TIM17_VS_ClockSourceINT
VP_TIM6_VS_ClockSourceINT.Mode=Enable_Timer
VP_TIM6_VS_ClockSourceINT.Signal=TIM6_VS_ClockSourceINT
VP_USB_DEVICE_VS_USB_DEVICE_CDC_FS.Mode=CDC_FS
VP_USB_DEVICE_VS_USB_DEVICE_CDC_FS.Signal=USB_DEVICE_VS_USB_DEVICE_CDC_FS
board=custom
isbadioc=false
